// !$*UTF8*$!
{
	archiveVersion = 1;
	classes = {
	};
	objectVersion = 56;
	objects = {

/* Begin PBXBuildFile section */
		A10000000000000000000001 /* FitPlannerApp.swift in Sources */ = {isa = PBXBuildFile; fileRef = A20000000000000000000001 /* FitPlannerApp.swift */; };
		A10000000000000000000002 /* AppContainer.swift in Sources */ = {isa = PBXBuildFile; fileRef = A20000000000000000000002 /* AppContainer.swift */; };
		A10000000000000000000003 /* RootTabView.swift in Sources */ = {isa = PBXBuildFile; fileRef = A20000000000000000000003 /* RootTabView.swift */; };
		A10000000000000000000004 /* UserProfile.swift in Sources */ = {isa = PBXBuildFile; fileRef = A20000000000000000000004 /* UserProfile.swift */; };
		A10000000000000000000005 /* Exercise.swift in Sources */ = {isa = PBXBuildFile; fileRef = A20000000000000000000005 /* Exercise.swift */; };
		A10000000000000000000006 /* WorkoutSessionRecord.swift in Sources */ = {isa = PBXBuildFile; fileRef = A20000000000000000000006 /* WorkoutSessionRecord.swift */; };
		A10000000000000000000007 /* ExerciseLog.swift in Sources */ = {isa = PBXBuildFile; fileRef = A20000000000000000000007 /* ExerciseLog.swift */; };
		A10000000000000000000008 /* SetLog.swift in Sources */ = {isa = PBXBuildFile; fileRef = A20000000000000000000008 /* SetLog.swift */; };
		A10000000000000000000009 /* GeneratedPlan.swift in Sources */ = {isa = PBXBuildFile; fileRef = A20000000000000000000009 /* GeneratedPlan.swift */; };
		A1000000000000000000000A /* PlannedWorkoutDay.swift in Sources */ = {isa = PBXBuildFile; fileRef = A2000000000000000000000A /* PlannedWorkoutDay.swift */; };
		A1000000000000000000000B /* PlannedExercise.swift in Sources */ = {isa = PBXBuildFile; fileRef = A2000000000000000000000B /* PlannedExercise.swift */; };
		A1000000000000000000000C /* FitnessRepository.swift in Sources */ = {isa = PBXBuildFile; fileRef = A2000000000000000000000C /* FitnessRepository.swift */; };
		A1000000000000000000000D /* InMemoryFitnessRepository.swift in Sources */ = {isa = PBXBuildFile; fileRef = A2000000000000000000000D /* InMemoryFitnessRepository.swift */; };
		A1000000000000000000000E /* FitnessService.swift in Sources */ = {isa = PBXBuildFile; fileRef = A2000000000000000000000E /* FitnessService.swift */; };
		A1000000000000000000000F /* PlanGenerationService.swift in Sources */ = {isa = PBXBuildFile; fileRef = A2000000000000000000000F /* PlanGenerationService.swift */; };
		A10000000000000000000010 /* ProgressSummaryService.swift in Sources */ = {isa = PBXBuildFile; fileRef = A20000000000000000000010 /* ProgressSummaryService.swift */; };
		A10000000000000000000011 /* MockExercises.swift in Sources */ = {isa = PBXBuildFile; fileRef = A20000000000000000000011 /* MockExercises.swift */; };
		A10000000000000000000012 /* MockUserProfile.swift in Sources */ = {isa = PBXBuildFile; fileRef = A20000000000000000000012 /* MockUserProfile.swift */; };
		A10000000000000000000013 /* MockWorkoutRecords.swift in Sources */ = {isa = PBXBuildFile; fileRef = A20000000000000000000013 /* MockWorkoutRecords.swift */; };
		A10000000000000000000014 /* MockGeneratedPlan.swift in Sources */ = {isa = PBXBuildFile; fileRef = A20000000000000000000014 /* MockGeneratedPlan.swift */; };
		A10000000000000000000015 /* DashboardView.swift in Sources */ = {isa = PBXBuildFile; fileRef = A20000000000000000000015 /* DashboardView.swift */; };
		A10000000000000000000016 /* DashboardViewModel.swift in Sources */ = {isa = PBXBuildFile; fileRef = A20000000000000000000016 /* DashboardViewModel.swift */; };
		A10000000000000000000017 /* WorkoutView.swift in Sources */ = {isa = PBXBuildFile; fileRef = A20000000000000000000017 /* WorkoutView.swift */; };
		A10000000000000000000018 /* WorkoutViewModel.swift in Sources */ = {isa = PBXBuildFile; fileRef = A20000000000000000000018 /* WorkoutViewModel.swift */; };
		A10000000000000000000019 /* PlanCalendarView.swift in Sources */ = {isa = PBXBuildFile; fileRef = A20000000000000000000019 /* PlanCalendarView.swift */; };
		A1000000000000000000001A /* PlanCalendarViewModel.swift in Sources */ = {isa = PBXBuildFile; fileRef = A2000000000000000000001A /* PlanCalendarViewModel.swift */; };
		A1000000000000000000001B /* ProgressView.swift in Sources */ = {isa = PBXBuildFile; fileRef = A2000000000000000000001B /* ProgressView.swift */; };
		A1000000000000000000001C /* ProgressViewModel.swift in Sources */ = {isa = PBXBuildFile; fileRef = A2000000000000000000001C /* ProgressViewModel.swift */; };
		A1000000000000000000001D /* SettingsView.swift in Sources */ = {isa = PBXBuildFile; fileRef = A2000000000000000000001D /* SettingsView.swift */; };
		A1000000000000000000001E /* SettingsViewModel.swift in Sources */ = {isa = PBXBuildFile; fileRef = A2000000000000000000001E /* SettingsViewModel.swift */; };
		A1000000000000000000001F /* StatCardView.swift in Sources */ = {isa = PBXBuildFile; fileRef = A2000000000000000000001F /* StatCardView.swift */; };
		A10000000000000000000020 /* EmptyStateView.swift in Sources */ = {isa = PBXBuildFile; fileRef = A20000000000000000000020 /* EmptyStateView.swift */; };
		A10000000000000000000021 /* SectionHeaderView.swift in Sources */ = {isa = PBXBuildFile; fileRef = A20000000000000000000021 /* SectionHeaderView.swift */; };
		A10000000000000000000022 /* Date+FitPlanner.swift in Sources */ = {isa = PBXBuildFile; fileRef = A20000000000000000000022 /* Date+FitPlanner.swift */; };
		A10000000000000000000023 /* NumberFormatting.swift in Sources */ = {isa = PBXBuildFile; fileRef = A20000000000000000000023 /* NumberFormatting.swift */; };
		A10000000000000000000024 /* ExerciseLogEditorView.swift in Sources */ = {isa = PBXBuildFile; fileRef = A20000000000000000000024 /* ExerciseLogEditorView.swift */; };
		A10000000000000000000025 /* SetLogRowView.swift in Sources */ = {isa = PBXBuildFile; fileRef = A20000000000000000000025 /* SetLogRowView.swift */; };
		A10000000000000000000026 /* WorkoutHistoryView.swift in Sources */ = {isa = PBXBuildFile; fileRef = A20000000000000000000026 /* WorkoutHistoryView.swift */; };
		A10000000000000000000027 /* WorkoutHistoryViewModel.swift in Sources */ = {isa = PBXBuildFile; fileRef = A20000000000000000000027 /* WorkoutHistoryViewModel.swift */; };
		A10000000000000000000028 /* WorkoutHistoryDetailView.swift in Sources */ = {isa = PBXBuildFile; fileRef = A20000000000000000000028 /* WorkoutHistoryDetailView.swift */; };
		A10000000000000000000029 /* LocalJSONWorkoutRecordStore.swift in Sources */ = {isa = PBXBuildFile; fileRef = A20000000000000000000029 /* LocalJSONWorkoutRecordStore.swift */; };
		A1000000000000000000002A /* JSONFitnessRepository.swift in Sources */ = {isa = PBXBuildFile; fileRef = A2000000000000000000002A /* JSONFitnessRepository.swift */; };
		A1000000000000000000002B /* LocalJSONUserProfileStore.swift in Sources */ = {isa = PBXBuildFile; fileRef = A2000000000000000000002B /* LocalJSONUserProfileStore.swift */; };
		A1000000000000000000002C /* SettingsEditProfileView.swift in Sources */ = {isa = PBXBuildFile; fileRef = A2000000000000000000002C /* SettingsEditProfileView.swift */; };
		A1000000000000000000002D /* TrainingSplitType.swift in Sources */ = {isa = PBXBuildFile; fileRef = A2000000000000000000002D /* TrainingSplitType.swift */; };
		A1000000000000000000002E /* ExerciseProgressionRule.swift in Sources */ = {isa = PBXBuildFile; fileRef = A2000000000000000000002E /* ExerciseProgressionRule.swift */; };
		A1000000000000000000002F /* RuleBasedPlanGenerationService.swift in Sources */ = {isa = PBXBuildFile; fileRef = A2000000000000000000002F /* RuleBasedPlanGenerationService.swift */; };
		A10000000000000000000030 /* PlanGenerationExplanation.swift in Sources */ = {isa = PBXBuildFile; fileRef = A20000000000000000000030 /* PlanGenerationExplanation.swift */; };
		A10000000000000000000031 /* FitPlannerBackup.swift in Sources */ = {isa = PBXBuildFile; fileRef = A20000000000000000000031 /* FitPlannerBackup.swift */; };
		A10000000000000000000032 /* BackupExportService.swift in Sources */ = {isa = PBXBuildFile; fileRef = A20000000000000000000032 /* BackupExportService.swift */; };
		A10000000000000000000033 /* WorkoutHistoryDetailViewModel.swift in Sources */ = {isa = PBXBuildFile; fileRef = A20000000000000000000033 /* WorkoutHistoryDetailViewModel.swift */; };
		A10000000000000000000034 /* WorkoutSessionEditView.swift in Sources */ = {isa = PBXBuildFile; fileRef = A20000000000000000000034 /* WorkoutSessionEditView.swift */; };
		A10000000000000000000035 /* ProgressMetric.swift in Sources */ = {isa = PBXBuildFile; fileRef = A20000000000000000000035 /* ProgressMetric.swift */; };
		A10000000000000000000036 /* CalendarDaySummary.swift in Sources */ = {isa = PBXBuildFile; fileRef = A20000000000000000000036 /* CalendarDaySummary.swift */; };
		A10000000000000000000037 /* CalendarDayCellView.swift in Sources */ = {isa = PBXBuildFile; fileRef = A20000000000000000000037 /* CalendarDayCellView.swift */; };
		A10000000000000000000038 /* WorkoutDaySummaryCardView.swift in Sources */ = {isa = PBXBuildFile; fileRef = A20000000000000000000038 /* WorkoutDaySummaryCardView.swift */; };
		A10000000000000000000039 /* BackupImportService.swift in Sources */ = {isa = PBXBuildFile; fileRef = A20000000000000000000039 /* BackupImportService.swift */; };
/* End PBXBuildFile section */

/* Begin PBXFileReference section */
		A20000000000000000000000 /* FitPlanner.app */ = {isa = PBXFileReference; explicitFileType = wrapper.application; includeInIndex = 0; path = FitPlanner.app; sourceTree = BUILT_PRODUCTS_DIR; };
		A20000000000000000000001 /* FitPlannerApp.swift */ = {isa = PBXFileReference; lastKnownFileType = sourcecode.swift; path = FitPlannerApp.swift; sourceTree = "<group>"; };
		A20000000000000000000002 /* AppContainer.swift */ = {isa = PBXFileReference; lastKnownFileType = sourcecode.swift; path = AppContainer.swift; sourceTree = "<group>"; };
		A20000000000000000000003 /* RootTabView.swift */ = {isa = PBXFileReference; lastKnownFileType = sourcecode.swift; path = RootTabView.swift; sourceTree = "<group>"; };
		A20000000000000000000004 /* UserProfile.swift */ = {isa = PBXFileReference; lastKnownFileType = sourcecode.swift; path = UserProfile.swift; sourceTree = "<group>"; };
		A20000000000000000000005 /* Exercise.swift */ = {isa = PBXFileReference; lastKnownFileType = sourcecode.swift; path = Exercise.swift; sourceTree = "<group>"; };
		A20000000000000000000006 /* WorkoutSessionRecord.swift */ = {isa = PBXFileReference; lastKnownFileType = sourcecode.swift; path = WorkoutSessionRecord.swift; sourceTree = "<group>"; };
		A20000000000000000000007 /* ExerciseLog.swift */ = {isa = PBXFileReference; lastKnownFileType = sourcecode.swift; path = ExerciseLog.swift; sourceTree = "<group>"; };
		A20000000000000000000008 /* SetLog.swift */ = {isa = PBXFileReference; lastKnownFileType = sourcecode.swift; path = SetLog.swift; sourceTree = "<group>"; };
		A20000000000000000000009 /* GeneratedPlan.swift */ = {isa = PBXFileReference; lastKnownFileType = sourcecode.swift; path = GeneratedPlan.swift; sourceTree = "<group>"; };
		A2000000000000000000000A /* PlannedWorkoutDay.swift */ = {isa = PBXFileReference; lastKnownFileType = sourcecode.swift; path = PlannedWorkoutDay.swift; sourceTree = "<group>"; };
		A2000000000000000000000B /* PlannedExercise.swift */ = {isa = PBXFileReference; lastKnownFileType = sourcecode.swift; path = PlannedExercise.swift; sourceTree = "<group>"; };
		A2000000000000000000000C /* FitnessRepository.swift */ = {isa = PBXFileReference; lastKnownFileType = sourcecode.swift; path = FitnessRepository.swift; sourceTree = "<group>"; };
		A2000000000000000000000D /* InMemoryFitnessRepository.swift */ = {isa = PBXFileReference; lastKnownFileType = sourcecode.swift; path = InMemoryFitnessRepository.swift; sourceTree = "<group>"; };
		A2000000000000000000000E /* FitnessService.swift */ = {isa = PBXFileReference; lastKnownFileType = sourcecode.swift; path = FitnessService.swift; sourceTree = "<group>"; };
		A2000000000000000000000F /* PlanGenerationService.swift */ = {isa = PBXFileReference; lastKnownFileType = sourcecode.swift; path = PlanGenerationService.swift; sourceTree = "<group>"; };
		A20000000000000000000010 /* ProgressSummaryService.swift */ = {isa = PBXFileReference; lastKnownFileType = sourcecode.swift; path = ProgressSummaryService.swift; sourceTree = "<group>"; };
		A20000000000000000000011 /* MockExercises.swift */ = {isa = PBXFileReference; lastKnownFileType = sourcecode.swift; path = MockExercises.swift; sourceTree = "<group>"; };
		A20000000000000000000012 /* MockUserProfile.swift */ = {isa = PBXFileReference; lastKnownFileType = sourcecode.swift; path = MockUserProfile.swift; sourceTree = "<group>"; };
		A20000000000000000000013 /* MockWorkoutRecords.swift */ = {isa = PBXFileReference; lastKnownFileType = sourcecode.swift; path = MockWorkoutRecords.swift; sourceTree = "<group>"; };
		A20000000000000000000014 /* MockGeneratedPlan.swift */ = {isa = PBXFileReference; lastKnownFileType = sourcecode.swift; path = MockGeneratedPlan.swift; sourceTree = "<group>"; };
		A20000000000000000000015 /* DashboardView.swift */ = {isa = PBXFileReference; lastKnownFileType = sourcecode.swift; path = DashboardView.swift; sourceTree = "<group>"; };
		A20000000000000000000016 /* DashboardViewModel.swift */ = {isa = PBXFileReference; lastKnownFileType = sourcecode.swift; path = DashboardViewModel.swift; sourceTree = "<group>"; };
		A20000000000000000000017 /* WorkoutView.swift */ = {isa = PBXFileReference; lastKnownFileType = sourcecode.swift; path = WorkoutView.swift; sourceTree = "<group>"; };
		A20000000000000000000018 /* WorkoutViewModel.swift */ = {isa = PBXFileReference; lastKnownFileType = sourcecode.swift; path = WorkoutViewModel.swift; sourceTree = "<group>"; };
		A20000000000000000000019 /* PlanCalendarView.swift */ = {isa = PBXFileReference; lastKnownFileType = sourcecode.swift; path = PlanCalendarView.swift; sourceTree = "<group>"; };
		A2000000000000000000001A /* PlanCalendarViewModel.swift */ = {isa = PBXFileReference; lastKnownFileType = sourcecode.swift; path = PlanCalendarViewModel.swift; sourceTree = "<group>"; };
		A2000000000000000000001B /* ProgressView.swift */ = {isa = PBXFileReference; lastKnownFileType = sourcecode.swift; path = ProgressView.swift; sourceTree = "<group>"; };
		A2000000000000000000001C /* ProgressViewModel.swift */ = {isa = PBXFileReference; lastKnownFileType = sourcecode.swift; path = ProgressViewModel.swift; sourceTree = "<group>"; };
		A2000000000000000000001D /* SettingsView.swift */ = {isa = PBXFileReference; lastKnownFileType = sourcecode.swift; path = SettingsView.swift; sourceTree = "<group>"; };
		A2000000000000000000001E /* SettingsViewModel.swift */ = {isa = PBXFileReference; lastKnownFileType = sourcecode.swift; path = SettingsViewModel.swift; sourceTree = "<group>"; };
		A2000000000000000000001F /* StatCardView.swift */ = {isa = PBXFileReference; lastKnownFileType = sourcecode.swift; path = StatCardView.swift; sourceTree = "<group>"; };
		A20000000000000000000020 /* EmptyStateView.swift */ = {isa = PBXFileReference; lastKnownFileType = sourcecode.swift; path = EmptyStateView.swift; sourceTree = "<group>"; };
		A20000000000000000000021 /* SectionHeaderView.swift */ = {isa = PBXFileReference; lastKnownFileType = sourcecode.swift; path = SectionHeaderView.swift; sourceTree = "<group>"; };
		A20000000000000000000022 /* Date+FitPlanner.swift */ = {isa = PBXFileReference; lastKnownFileType = sourcecode.swift; path = "Date+FitPlanner.swift"; sourceTree = "<group>"; };
		A20000000000000000000023 /* NumberFormatting.swift */ = {isa = PBXFileReference; lastKnownFileType = sourcecode.swift; path = NumberFormatting.swift; sourceTree = "<group>"; };
		A20000000000000000000024 /* ExerciseLogEditorView.swift */ = {isa = PBXFileReference; lastKnownFileType = sourcecode.swift; path = ExerciseLogEditorView.swift; sourceTree = "<group>"; };
		A20000000000000000000025 /* SetLogRowView.swift */ = {isa = PBXFileReference; lastKnownFileType = sourcecode.swift; path = SetLogRowView.swift; sourceTree = "<group>"; };
		A20000000000000000000026 /* WorkoutHistoryView.swift */ = {isa = PBXFileReference; lastKnownFileType = sourcecode.swift; path = WorkoutHistoryView.swift; sourceTree = "<group>"; };
		A20000000000000000000027 /* WorkoutHistoryViewModel.swift */ = {isa = PBXFileReference; lastKnownFileType = sourcecode.swift; path = WorkoutHistoryViewModel.swift; sourceTree = "<group>"; };
		A20000000000000000000028 /* WorkoutHistoryDetailView.swift */ = {isa = PBXFileReference; lastKnownFileType = sourcecode.swift; path = WorkoutHistoryDetailView.swift; sourceTree = "<group>"; };
		A20000000000000000000029 /* LocalJSONWorkoutRecordStore.swift */ = {isa = PBXFileReference; lastKnownFileType = sourcecode.swift; path = LocalJSONWorkoutRecordStore.swift; sourceTree = "<group>"; };
		A2000000000000000000002A /* JSONFitnessRepository.swift */ = {isa = PBXFileReference; lastKnownFileType = sourcecode.swift; path = JSONFitnessRepository.swift; sourceTree = "<group>"; };
		A2000000000000000000002B /* LocalJSONUserProfileStore.swift */ = {isa = PBXFileReference; lastKnownFileType = sourcecode.swift; path = LocalJSONUserProfileStore.swift; sourceTree = "<group>"; };
		A2000000000000000000002C /* SettingsEditProfileView.swift */ = {isa = PBXFileReference; lastKnownFileType = sourcecode.swift; path = SettingsEditProfileView.swift; sourceTree = "<group>"; };
		A2000000000000000000002D /* TrainingSplitType.swift */ = {isa = PBXFileReference; lastKnownFileType = sourcecode.swift; path = TrainingSplitType.swift; sourceTree = "<group>"; };
		A2000000000000000000002E /* ExerciseProgressionRule.swift */ = {isa = PBXFileReference; lastKnownFileType = sourcecode.swift; path = ExerciseProgressionRule.swift; sourceTree = "<group>"; };
		A2000000000000000000002F /* RuleBasedPlanGenerationService.swift */ = {isa = PBXFileReference; lastKnownFileType = sourcecode.swift; path = RuleBasedPlanGenerationService.swift; sourceTree = "<group>"; };
		A20000000000000000000030 /* PlanGenerationExplanation.swift */ = {isa = PBXFileReference; lastKnownFileType = sourcecode.swift; path = PlanGenerationExplanation.swift; sourceTree = "<group>"; };
		A20000000000000000000031 /* FitPlannerBackup.swift */ = {isa = PBXFileReference; lastKnownFileType = sourcecode.swift; path = FitPlannerBackup.swift; sourceTree = "<group>"; };
		A20000000000000000000032 /* BackupExportService.swift */ = {isa = PBXFileReference; lastKnownFileType = sourcecode.swift; path = BackupExportService.swift; sourceTree = "<group>"; };
		A20000000000000000000033 /* WorkoutHistoryDetailViewModel.swift */ = {isa = PBXFileReference; lastKnownFileType = sourcecode.swift; path = WorkoutHistoryDetailViewModel.swift; sourceTree = "<group>"; };
		A20000000000000000000034 /* WorkoutSessionEditView.swift */ = {isa = PBXFileReference; lastKnownFileType = sourcecode.swift; path = WorkoutSessionEditView.swift; sourceTree = "<group>"; };
		A20000000000000000000035 /* ProgressMetric.swift */ = {isa = PBXFileReference; lastKnownFileType = sourcecode.swift; path = ProgressMetric.swift; sourceTree = "<group>"; };
		A20000000000000000000036 /* CalendarDaySummary.swift */ = {isa = PBXFileReference; lastKnownFileType = sourcecode.swift; path = CalendarDaySummary.swift; sourceTree = "<group>"; };
		A20000000000000000000037 /* CalendarDayCellView.swift */ = {isa = PBXFileReference; lastKnownFileType = sourcecode.swift; path = CalendarDayCellView.swift; sourceTree = "<group>"; };
		A20000000000000000000038 /* WorkoutDaySummaryCardView.swift */ = {isa = PBXFileReference; lastKnownFileType = sourcecode.swift; path = WorkoutDaySummaryCardView.swift; sourceTree = "<group>"; };
		A20000000000000000000039 /* BackupImportService.swift */ = {isa = PBXFileReference; lastKnownFileType = sourcecode.swift; path = BackupImportService.swift; sourceTree = "<group>"; };
/* End PBXFileReference section */

/* Begin PBXFrameworksBuildPhase section */
		A30000000000000000000001 /* Frameworks */ = {
			isa = PBXFrameworksBuildPhase;
			buildActionMask = 2147483647;
			files = (
			);
			runOnlyForDeploymentPostprocessing = 0;
		};
/* End PBXFrameworksBuildPhase section */

/* Begin PBXGroup section */
		A40000000000000000000001 = {
			isa = PBXGroup;
			children = (
				A40000000000000000000002 /* App */,
				A40000000000000000000003 /* Models */,
				A40000000000000000000004 /* Repositories */,
				A40000000000000000000005 /* Services */,
				A40000000000000000000006 /* MockData */,
				A40000000000000000000007 /* Features */,
				A4000000000000000000000C /* Shared */,
				A40000000000000000000010 /* Products */,
			);
			sourceTree = "<group>";
		};
		A40000000000000000000002 /* App */ = {
			isa = PBXGroup;
			children = (
				A20000000000000000000001 /* FitPlannerApp.swift */,
				A20000000000000000000002 /* AppContainer.swift */,
				A20000000000000000000003 /* RootTabView.swift */,
			);
			path = App;
			sourceTree = "<group>";
		};
		A40000000000000000000003 /* Models */ = {
			isa = PBXGroup;
			children = (
				A20000000000000000000004 /* UserProfile.swift */,
				A20000000000000000000005 /* Exercise.swift */,
				A20000000000000000000006 /* WorkoutSessionRecord.swift */,
				A20000000000000000000007 /* ExerciseLog.swift */,
				A20000000000000000000008 /* SetLog.swift */,
				A20000000000000000000009 /* GeneratedPlan.swift */,
				A2000000000000000000000A /* PlannedWorkoutDay.swift */,
				A2000000000000000000000B /* PlannedExercise.swift */,
				A2000000000000000000002D /* TrainingSplitType.swift */,
				A2000000000000000000002E /* ExerciseProgressionRule.swift */,
				A20000000000000000000030 /* PlanGenerationExplanation.swift */,
				A20000000000000000000031 /* FitPlannerBackup.swift */,
				A20000000000000000000035 /* ProgressMetric.swift */,
				A20000000000000000000036 /* CalendarDaySummary.swift */,
			);
			path = Models;
			sourceTree = "<group>";
		};
		A40000000000000000000004 /* Repositories */ = {
			isa = PBXGroup;
			children = (
				A2000000000000000000000C /* FitnessRepository.swift */,
				A2000000000000000000000D /* InMemoryFitnessRepository.swift */,
				A2000000000000000000002A /* JSONFitnessRepository.swift */,
			);
			path = Repositories;
			sourceTree = "<group>";
		};
		A40000000000000000000005 /* Services */ = {
			isa = PBXGroup;
			children = (
				A2000000000000000000000E /* FitnessService.swift */,
				A2000000000000000000000F /* PlanGenerationService.swift */,
				A20000000000000000000010 /* ProgressSummaryService.swift */,
				A2000000000000000000002F /* RuleBasedPlanGenerationService.swift */,
				A20000000000000000000029 /* LocalJSONWorkoutRecordStore.swift */,
				A2000000000000000000002B /* LocalJSONUserProfileStore.swift */,
				A20000000000000000000032 /* BackupExportService.swift */,
				A20000000000000000000039 /* BackupImportService.swift */,
			);
			path = Services;
			sourceTree = "<group>";
		};
		A40000000000000000000006 /* MockData */ = {
			isa = PBXGroup;
			children = (
				A20000000000000000000011 /* MockExercises.swift */,
				A20000000000000000000012 /* MockUserProfile.swift */,
				A20000000000000000000013 /* MockWorkoutRecords.swift */,
				A20000000000000000000014 /* MockGeneratedPlan.swift */,
			);
			path = MockData;
			sourceTree = "<group>";
		};
		A40000000000000000000007 /* Features */ = {
			isa = PBXGroup;
			children = (
				A40000000000000000000008 /* Dashboard */,
				A40000000000000000000009 /* WorkoutSession */,
				A40000000000000000000012 /* WorkoutHistory */,
				A4000000000000000000000A /* PlanCalendar */,
				A4000000000000000000000B /* Progress */,
				A40000000000000000000011 /* Settings */,
			);
			path = Features;
			sourceTree = "<group>";
		};
		A40000000000000000000008 /* Dashboard */ = {
			isa = PBXGroup;
			children = (
				A20000000000000000000015 /* DashboardView.swift */,
				A20000000000000000000016 /* DashboardViewModel.swift */,
			);
			path = Dashboard;
			sourceTree = "<group>";
		};
		A40000000000000000000009 /* WorkoutSession */ = {
			isa = PBXGroup;
			children = (
				A20000000000000000000017 /* WorkoutView.swift */,
				A20000000000000000000018 /* WorkoutViewModel.swift */,
				A20000000000000000000024 /* ExerciseLogEditorView.swift */,
				A20000000000000000000025 /* SetLogRowView.swift */,
			);
			path = WorkoutSession;
			sourceTree = "<group>";
		};
		A40000000000000000000012 /* WorkoutHistory */ = {
			isa = PBXGroup;
			children = (
				A20000000000000000000026 /* WorkoutHistoryView.swift */,
				A20000000000000000000027 /* WorkoutHistoryViewModel.swift */,
				A20000000000000000000028 /* WorkoutHistoryDetailView.swift */,
				A20000000000000000000033 /* WorkoutHistoryDetailViewModel.swift */,
				A20000000000000000000034 /* WorkoutSessionEditView.swift */,
			);
			path = WorkoutHistory;
			sourceTree = "<group>";
		};
		A4000000000000000000000A /* PlanCalendar */ = {
			isa = PBXGroup;
			children = (
				A20000000000000000000019 /* PlanCalendarView.swift */,
				A2000000000000000000001A /* PlanCalendarViewModel.swift */,
			);
			path = PlanCalendar;
			sourceTree = "<group>";
		};
		A4000000000000000000000B /* Progress */ = {
			isa = PBXGroup;
			children = (
				A2000000000000000000001B /* ProgressView.swift */,
				A2000000000000000000001C /* ProgressViewModel.swift */,
			);
			path = Progress;
			sourceTree = "<group>";
		};
		A40000000000000000000011 /* Settings */ = {
			isa = PBXGroup;
			children = (
				A2000000000000000000001D /* SettingsView.swift */,
				A2000000000000000000001E /* SettingsViewModel.swift */,
				A2000000000000000000002C /* SettingsEditProfileView.swift */,
			);
			path = Settings;
			sourceTree = "<group>";
		};
		A4000000000000000000000C /* Shared */ = {
			isa = PBXGroup;
			children = (
				A4000000000000000000000D /* Components */,
				A4000000000000000000000E /* Utilities */,
			);
			path = Shared;
			sourceTree = "<group>";
		};
		A4000000000000000000000D /* Components */ = {
			isa = PBXGroup;
			children = (
				A2000000000000000000001F /* StatCardView.swift */,
				A20000000000000000000020 /* EmptyStateView.swift */,
				A20000000000000000000021 /* SectionHeaderView.swift */,
				A20000000000000000000037 /* CalendarDayCellView.swift */,
				A20000000000000000000038 /* WorkoutDaySummaryCardView.swift */,
			);
			path = Components;
			sourceTree = "<group>";
		};
		A4000000000000000000000E /* Utilities */ = {
			isa = PBXGroup;
			children = (
				A20000000000000000000022 /* Date+FitPlanner.swift */,
				A20000000000000000000023 /* NumberFormatting.swift */,
			);
			path = Utilities;
			sourceTree = "<group>";
		};
		A40000000000000000000010 /* Products */ = {
			isa = PBXGroup;
			children = (
				A20000000000000000000000 /* FitPlanner.app */,
			);
			name = Products;
			sourceTree = "<group>";
		};
/* End PBXGroup section */

/* Begin PBXNativeTarget section */
		A50000000000000000000001 /* FitPlanner */ = {
			isa = PBXNativeTarget;
			buildConfigurationList = A90000000000000000000002 /* Build configuration list for PBXNativeTarget "FitPlanner" */;
			buildPhases = (
				A70000000000000000000001 /* Sources */,
				A30000000000000000000001 /* Frameworks */,
				A60000000000000000000001 /* Resources */,
			);
			buildRules = (
			);
			dependencies = (
			);
			name = FitPlanner;
			productName = FitPlanner;
			productReference = A20000000000000000000000 /* FitPlanner.app */;
			productType = "com.apple.product-type.application";
		};
/* End PBXNativeTarget section */

/* Begin PBXProject section */
		A80000000000000000000001 /* Project object */ = {
			isa = PBXProject;
			attributes = {
				BuildIndependentTargetsInParallel = 1;
				LastSwiftUpdateCheck = 1500;
				LastUpgradeCheck = 1500;
				TargetAttributes = {
					A50000000000000000000001 = {
						CreatedOnToolsVersion = 15.0;
					};
				};
			};
			buildConfigurationList = A90000000000000000000001 /* Build configuration list for PBXProject "FitPlanner" */;
			compatibilityVersion = "Xcode 14.0";
			developmentRegion = en;
			hasScannedForEncodings = 0;
			knownRegions = (
				en,
				Base,
				"zh-Hant",
			);
			mainGroup = A40000000000000000000001;
			productRefGroup = A40000000000000000000010 /* Products */;
			projectDirPath = "";
			projectRoot = "";
			targets = (
				A50000000000000000000001 /* FitPlanner */,
			);
		};
/* End PBXProject section */

/* Begin PBXResourcesBuildPhase section */
		A60000000000000000000001 /* Resources */ = {
			isa = PBXResourcesBuildPhase;
			buildActionMask = 2147483647;
			files = (
			);
			runOnlyForDeploymentPostprocessing = 0;
		};
/* End PBXResourcesBuildPhase section */

/* Begin PBXSourcesBuildPhase section */
		A70000000000000000000001 /* Sources */ = {
			isa = PBXSourcesBuildPhase;
			buildActionMask = 2147483647;
			files = (
				A10000000000000000000001 /* FitPlannerApp.swift in Sources */,
				A10000000000000000000002 /* AppContainer.swift in Sources */,
				A10000000000000000000003 /* RootTabView.swift in Sources */,
				A10000000000000000000004 /* UserProfile.swift in Sources */,
				A10000000000000000000005 /* Exercise.swift in Sources */,
				A10000000000000000000006 /* WorkoutSessionRecord.swift in Sources */,
				A10000000000000000000007 /* ExerciseLog.swift in Sources */,
				A10000000000000000000008 /* SetLog.swift in Sources */,
				A10000000000000000000009 /* GeneratedPlan.swift in Sources */,
				A1000000000000000000000A /* PlannedWorkoutDay.swift in Sources */,
				A1000000000000000000000B /* PlannedExercise.swift in Sources */,
				A1000000000000000000002D /* TrainingSplitType.swift in Sources */,
				A1000000000000000000002E /* ExerciseProgressionRule.swift in Sources */,
				A10000000000000000000030 /* PlanGenerationExplanation.swift in Sources */,
				A10000000000000000000031 /* FitPlannerBackup.swift in Sources */,
				A10000000000000000000035 /* ProgressMetric.swift in Sources */,
				A10000000000000000000036 /* CalendarDaySummary.swift in Sources */,
				A1000000000000000000000C /* FitnessRepository.swift in Sources */,
				A1000000000000000000000D /* InMemoryFitnessRepository.swift in Sources */,
				A1000000000000000000002A /* JSONFitnessRepository.swift in Sources */,
				A1000000000000000000000E /* FitnessService.swift in Sources */,
				A1000000000000000000000F /* PlanGenerationService.swift in Sources */,
				A10000000000000000000010 /* ProgressSummaryService.swift in Sources */,
				A1000000000000000000002F /* RuleBasedPlanGenerationService.swift in Sources */,
				A10000000000000000000029 /* LocalJSONWorkoutRecordStore.swift in Sources */,
				A1000000000000000000002B /* LocalJSONUserProfileStore.swift in Sources */,
				A10000000000000000000032 /* BackupExportService.swift in Sources */,
				A10000000000000000000039 /* BackupImportService.swift in Sources */,
				A10000000000000000000011 /* MockExercises.swift in Sources */,
				A10000000000000000000012 /* MockUserProfile.swift in Sources */,
				A10000000000000000000013 /* MockWorkoutRecords.swift in Sources */,
				A10000000000000000000014 /* MockGeneratedPlan.swift in Sources */,
				A10000000000000000000015 /* DashboardView.swift in Sources */,
				A10000000000000000000016 /* DashboardViewModel.swift in Sources */,
				A10000000000000000000017 /* WorkoutView.swift in Sources */,
				A10000000000000000000018 /* WorkoutViewModel.swift in Sources */,
				A10000000000000000000024 /* ExerciseLogEditorView.swift in Sources */,
				A10000000000000000000025 /* SetLogRowView.swift in Sources */,
				A10000000000000000000026 /* WorkoutHistoryView.swift in Sources */,
				A10000000000000000000027 /* WorkoutHistoryViewModel.swift in Sources */,
				A10000000000000000000028 /* WorkoutHistoryDetailView.swift in Sources */,
				A10000000000000000000033 /* WorkoutHistoryDetailViewModel.swift in Sources */,
				A10000000000000000000034 /* WorkoutSessionEditView.swift in Sources */,
				A10000000000000000000019 /* PlanCalendarView.swift in Sources */,
				A1000000000000000000001A /* PlanCalendarViewModel.swift in Sources */,
				A1000000000000000000001B /* ProgressView.swift in Sources */,
				A1000000000000000000001C /* ProgressViewModel.swift in Sources */,
				A1000000000000000000001D /* SettingsView.swift in Sources */,
				A1000000000000000000001E /* SettingsViewModel.swift in Sources */,
				A1000000000000000000002C /* SettingsEditProfileView.swift in Sources */,
				A1000000000000000000001F /* StatCardView.swift in Sources */,
				A10000000000000000000020 /* EmptyStateView.swift in Sources */,
				A10000000000000000000021 /* SectionHeaderView.swift in Sources */,
				A10000000000000000000037 /* CalendarDayCellView.swift in Sources */,
				A10000000000000000000038 /* WorkoutDaySummaryCardView.swift in Sources */,
				A10000000000000000000022 /* Date+FitPlanner.swift in Sources */,
				A10000000000000000000023 /* NumberFormatting.swift in Sources */,
			);
			runOnlyForDeploymentPostprocessing = 0;
		};
/* End PBXSourcesBuildPhase section */

/* Begin XCBuildConfiguration section */
		A90000000000000000000003 /* Debug */ = {
			isa = XCBuildConfiguration;
			buildSettings = {
				ALWAYS_SEARCH_USER_PATHS = NO;
				CLANG_ANALYZER_NONNULL = YES;
				CLANG_ANALYZER_NUMBER_OBJECT_CONVERSION = YES_AGGRESSIVE;
				CLANG_CXX_LANGUAGE_STANDARD = "gnu++20";
				CLANG_ENABLE_MODULES = YES;
				CLANG_ENABLE_OBJC_ARC = YES;
				CLANG_ENABLE_OBJC_WEAK = YES;
				CLANG_WARN_BLOCK_CAPTURE_AUTORELEASING = YES;
				CLANG_WARN_BOOL_CONVERSION = YES;
				CLANG_WARN_COMMA = YES;
				CLANG_WARN_CONSTANT_CONVERSION = YES;
				CLANG_WARN_DEPRECATED_OBJC_IMPLEMENTATIONS = YES;
				CLANG_WARN_DIRECT_OBJC_ISA_USAGE = YES_ERROR;
				CLANG_WARN_DOCUMENTATION_COMMENTS = YES;
				CLANG_WARN_EMPTY_BODY = YES;
				CLANG_WARN_ENUM_CONVERSION = YES;
				CLANG_WARN_INFINITE_RECURSION = YES;
				CLANG_WARN_INT_CONVERSION = YES;
				CLANG_WARN_NON_LITERAL_NULL_CONVERSION = YES;
				CLANG_WARN_OBJC_IMPLICIT_RETAIN_SELF = YES;
				CLANG_WARN_OBJC_LITERAL_CONVERSION = YES;
				CLANG_WARN_OBJC_ROOT_CLASS = YES_ERROR;
				CLANG_WARN_QUOTED_INCLUDE_IN_FRAMEWORK_HEADER = YES;
				CLANG_WARN_RANGE_LOOP_ANALYSIS = YES;
				CLANG_WARN_STRICT_PROTOTYPES = YES;
				CLANG_WARN_SUSPICIOUS_MOVE = YES;
				CLANG_WARN_UNGUARDED_AVAILABILITY = YES_AGGRESSIVE;
				CLANG_WARN_UNREACHABLE_CODE = YES;
				CLANG_WARN__DUPLICATE_METHOD_MATCH = YES;
				COPY_PHASE_STRIP = NO;
				DEBUG_INFORMATION_FORMAT = dwarf;
				ENABLE_STRICT_OBJC_MSGSEND = YES;
				ENABLE_TESTABILITY = YES;
				ENABLE_USER_SCRIPT_SANDBOXING = YES;
				GCC_C_LANGUAGE_STANDARD = gnu17;
				GCC_DYNAMIC_NO_PIC = NO;
				GCC_NO_COMMON_BLOCKS = YES;
				GCC_OPTIMIZATION_LEVEL = 0;
				GCC_PREPROCESSOR_DEFINITIONS = (
					"DEBUG=1",
					"$(inherited)",
				);
				GCC_WARN_64_TO_32_BIT_CONVERSION = YES;
				GCC_WARN_ABOUT_RETURN_TYPE = YES_ERROR;
				GCC_WARN_UNDECLARED_SELECTOR = YES;
				GCC_WARN_UNINITIALIZED_AUTOS = YES_AGGRESSIVE;
				GCC_WARN_UNUSED_FUNCTION = YES;
				GCC_WARN_UNUSED_VARIABLE = YES;
				IPHONEOS_DEPLOYMENT_TARGET = 17.0;
				MTL_ENABLE_DEBUG_INFO = INCLUDE_SOURCE;
				MTL_FAST_MATH = YES;
				ONLY_ACTIVE_ARCH = YES;
				SDKROOT = iphoneos;
				SWIFT_ACTIVE_COMPILATION_CONDITIONS = "DEBUG $(inherited)";
				SWIFT_OPTIMIZATION_LEVEL = "-Onone";
			};
			name = Debug;
		};
		A90000000000000000000004 /* Release */ = {
			isa = XCBuildConfiguration;
			buildSettings = {
				ALWAYS_SEARCH_USER_PATHS = NO;
				CLANG_ANALYZER_NONNULL = YES;
				CLANG_ANALYZER_NUMBER_OBJECT_CONVERSION = YES_AGGRESSIVE;
				CLANG_CXX_LANGUAGE_STANDARD = "gnu++20";
				CLANG_ENABLE_MODULES = YES;
				CLANG_ENABLE_OBJC_ARC = YES;
				CLANG_ENABLE_OBJC_WEAK = YES;
				CLANG_WARN_BLOCK_CAPTURE_AUTORELEASING = YES;
				CLANG_WARN_BOOL_CONVERSION = YES;
				CLANG_WARN_COMMA = YES;
				CLANG_WARN_CONSTANT_CONVERSION = YES;
				CLANG_WARN_DEPRECATED_OBJC_IMPLEMENTATIONS = YES;
				CLANG_WARN_DIRECT_OBJC_ISA_USAGE = YES_ERROR;
				CLANG_WARN_DOCUMENTATION_COMMENTS = YES;
				CLANG_WARN_EMPTY_BODY = YES;
				CLANG_WARN_ENUM_CONVERSION = YES;
				CLANG_WARN_INFINITE_RECURSION = YES;
				CLANG_WARN_INT_CONVERSION = YES;
				CLANG_WARN_NON_LITERAL_NULL_CONVERSION = YES;
				CLANG_WARN_OBJC_IMPLICIT_RETAIN_SELF = YES;
				CLANG_WARN_OBJC_LITERAL_CONVERSION = YES;
				CLANG_WARN_OBJC_ROOT_CLASS = YES_ERROR;
				CLANG_WARN_QUOTED_INCLUDE_IN_FRAMEWORK_HEADER = YES;
				CLANG_WARN_RANGE_LOOP_ANALYSIS = YES;
				CLANG_WARN_STRICT_PROTOTYPES = YES;
				CLANG_WARN_SUSPICIOUS_MOVE = YES;
				CLANG_WARN_UNGUARDED_AVAILABILITY = YES_AGGRESSIVE;
				CLANG_WARN_UNREACHABLE_CODE = YES;
				CLANG_WARN__DUPLICATE_METHOD_MATCH = YES;
				COPY_PHASE_STRIP = NO;
				DEBUG_INFORMATION_FORMAT = "dwarf-with-dsym";
				ENABLE_NS_ASSERTIONS = NO;
				ENABLE_STRICT_OBJC_MSGSEND = YES;
				ENABLE_USER_SCRIPT_SANDBOXING = YES;
				GCC_C_LANGUAGE_STANDARD = gnu17;
				GCC_NO_COMMON_BLOCKS = YES;
				GCC_WARN_64_TO_32_BIT_CONVERSION = YES;
				GCC_WARN_ABOUT_RETURN_TYPE = YES_ERROR;
				GCC_WARN_UNDECLARED_SELECTOR = YES;
				GCC_WARN_UNINITIALIZED_AUTOS = YES_AGGRESSIVE;
				GCC_WARN_UNUSED_FUNCTION = YES;
				GCC_WARN_UNUSED_VARIABLE = YES;
				IPHONEOS_DEPLOYMENT_TARGET = 17.0;
				MTL_ENABLE_DEBUG_INFO = NO;
				MTL_FAST_MATH = YES;
				SDKROOT = iphoneos;
				SWIFT_COMPILATION_MODE = wholemodule;
				VALIDATE_PRODUCT = YES;
			};
			name = Release;
		};
		A90000000000000000000005 /* Debug */ = {
			isa = XCBuildConfiguration;
			buildSettings = {
				CODE_SIGN_STYLE = Automatic;
				CURRENT_PROJECT_VERSION = 1;
				DEVELOPMENT_ASSET_PATHS = "";
				ENABLE_PREVIEWS = YES;
				GENERATE_INFOPLIST_FILE = YES;
				INFOPLIST_KEY_CFBundleDisplayName = FitPlanner;
				INFOPLIST_KEY_LSApplicationCategoryType = "public.app-category.healthcare-fitness";
				INFOPLIST_KEY_UIApplicationSceneManifest_Generation = YES;
				INFOPLIST_KEY_UIApplicationSupportsIndirectInputEvents = YES;
				INFOPLIST_KEY_UILaunchScreen_Generation = YES;
				INFOPLIST_KEY_UISupportedInterfaceOrientations = UIInterfaceOrientationPortrait;
				IPHONEOS_DEPLOYMENT_TARGET = 17.0;
				MARKETING_VERSION = 1.0;
				PRODUCT_BUNDLE_IDENTIFIER = com.example.FitPlanner;
				PRODUCT_NAME = "$(TARGET_NAME)";
				SUPPORTED_PLATFORMS = "iphoneos iphonesimulator";
				SUPPORTS_MACCATALYST = NO;
				SWIFT_EMIT_LOC_STRINGS = YES;
				SWIFT_VERSION = 5.0;
				TARGETED_DEVICE_FAMILY = 1;
			};
			name = Debug;
		};
		A90000000000000000000006 /* Release */ = {
			isa = XCBuildConfiguration;
			buildSettings = {
				CODE_SIGN_STYLE = Automatic;
				CURRENT_PROJECT_VERSION = 1;
				DEVELOPMENT_ASSET_PATHS = "";
				ENABLE_PREVIEWS = YES;
				GENERATE_INFOPLIST_FILE = YES;
				INFOPLIST_KEY_CFBundleDisplayName = FitPlanner;
				INFOPLIST_KEY_LSApplicationCategoryType = "public.app-category.healthcare-fitness";
				INFOPLIST_KEY_UIApplicationSceneManifest_Generation = YES;
				INFOPLIST_KEY_UIApplicationSupportsIndirectInputEvents = YES;
				INFOPLIST_KEY_UILaunchScreen_Generation = YES;
				INFOPLIST_KEY_UISupportedInterfaceOrientations = UIInterfaceOrientationPortrait;
				IPHONEOS_DEPLOYMENT_TARGET = 17.0;
				MARKETING_VERSION = 1.0;
				PRODUCT_BUNDLE_IDENTIFIER = com.example.FitPlanner;
				PRODUCT_NAME = "$(TARGET_NAME)";
				SUPPORTED_PLATFORMS = "iphoneos iphonesimulator";
				SUPPORTS_MACCATALYST = NO;
				SWIFT_EMIT_LOC_STRINGS = YES;
				SWIFT_VERSION = 5.0;
				TARGETED_DEVICE_FAMILY = 1;
			};
			name = Release;
		};
/* End XCBuildConfiguration section */

/* Begin XCConfigurationList section */
		A90000000000000000000001 /* Build configuration list for PBXProject "FitPlanner" */ = {
			isa = XCConfigurationList;
			buildConfigurations = (
				A90000000000000000000003 /* Debug */,
				A90000000000000000000004 /* Release */,
			);
			defaultConfigurationIsVisible = 0;
			defaultConfigurationName = Release;
		};
		A90000000000000000000002 /* Build configuration list for PBXNativeTarget "FitPlanner" */ = {
			isa = XCConfigurationList;
			buildConfigurations = (
				A90000000000000000000005 /* Debug */,
				A90000000000000000000006 /* Release */,
			);
			defaultConfigurationIsVisible = 0;
			defaultConfigurationName = Release;
		};
/* End XCConfigurationList section */
	};
	rootObject = A80000000000000000000001 /* Project object */;
}
